<?xml version="1.0" encoding="utf-8"?>
<Project ToolsVersion="4.0" xmlns="http://schemas.microsoft.com/developer/msbuild/2003">
  <ItemGroup>
    <Filter Include="Source Files">
      <UniqueIdentifier>{4FC737F1-C7A5-4376-A066-2A32D752A2FF}</UniqueIdentifier>
      <Extensions>cpp;c;cc;cxx;def;odl;idl;hpj;bat;asm;asmx</Extensions>
    </Filter>
    <Filter Include="Header Files">
      <UniqueIdentifier>{93995380-89BD-4b04-88EB-625FBE52EBFB}</UniqueIdentifier>
      <Extensions>h;hh;hpp;hxx;hm;inl;inc;ipp;xsd</Extensions>
    </Filter>
    <Filter Include="Resource Files">
      <UniqueIdentifier>{67DA6AB6-F800-4c08-8B7A-83BB121AAD01}</UniqueIdentifier>
      <Extensions>rc;ico;cur;bmp;dlg;rc2;rct;bin;rgs;gif;jpg;jpeg;jpe;resx;tiff;tif;png;wav;mfcribbon-ms</Extensions>
    </Filter>
    <Filter Include="Source Files\src">
      <UniqueIdentifier>{242ce6fb-f216-48ca-864f-e1d8dbe445b1}</UniqueIdentifier>
    </Filter>
    <Filter Include="Source Files\src\const">
      <UniqueIdentifier>{c5fa7f76-bb5f-40cf-9df0-1b5891d36997}</UniqueIdentifier>
    </Filter>
    <Filter Include="Source Files\src\name_control">
      <UniqueIdentifier>{febe66b2-95ca-4d3d-8257-e0ab3542fd03}</UniqueIdentifier>
    </Filter>
  </ItemGroup>
  <ItemGroup>
    <ClCompile Include="CleverApplication.cpp">
      <Filter>Source Files</Filter>
    </ClCompile>
    <ClCompile Include="SafeConsts.cpp">
      <Filter>Source Files\src\const</Filter>
    </ClCompile>
    <ClCompile Include="StaticControl.cpp">
      <Filter>Source Files\src\name_control</Filter>
    </ClCompile>
    <ClCompile Include="StaticObjects.cpp">
      <Filter>Source Files\src\name_control</Filter>
    </ClCompile>
    <ClCompile Include="LocalExternImpl1.cpp">
      <Filter>Source Files\src\name_control</Filter>
    </ClCompile>
    <ClCompile Include="LocalExternImpl2.cpp">
      <Filter>Source Files\src\name_control</Filter>
    </ClCompile>
    <ClCompile Include="LocalStaticExtern.cpp">
      <Filter>Source Files\src\name_control</Filter>
    </ClCompile>
  </ItemGroup>
  <ItemGroup>
    <ClInclude Include="SafeConsts.h">
      <Filter>Header Files</Filter>
    </ClInclude>
    <ClInclude Include="StaticControl.h">
      <Filter>Header Files</Filter>
    </ClInclude>
    <ClInclude Include="StaticObjects.h">
      <Filter>Header Files</Filter>
    </ClInclude>
    <ClInclude Include="LocalStaticExtern.h">
      <Filter>Header Files</Filter>
    </ClInclude>
    <ClInclude Include="NamespaceHeader_F.h">
      <Filter>Header Files</Filter>
    </ClInclude>
    <ClInclude Include="NamespaceHeader_S.h">
      <Filter>Header Files</Filter>
    </ClInclude>
  </ItemGroup>
</Project>